
Microsoft Visual Studio Solution File, Format Version 12.00
# Visual Studio Version 17
VisualStudioVersion = 17.2.32630.192
MinimumVisualStudioVersion = 10.0.40219.1
Project("{FAE04EC0-301F-11D3-BF4B-00C04F79EFBC}") = "DynamicDAO", "DynamicDAO\DynamicDAO.csproj", "{6CAFD2B6-073A-43C0-97F9-58203D35D788}"
EndProject
Global
	GlobalSection(SolutionConfigurationPlatforms) = preSolution
		Debug|Any CPU = Debug|Any CPU
		Release|Any CPU = Release|Any CPU
	EndGlobalSection
	GlobalSection(ProjectConfigurationPlatforms) = postSolution
		{6CAFD2B6-073A-43C0-97F9-58203D35D788}.Debug|Any CPU.ActiveCfg = Debug|Any CPU
		{6CAFD2B6-073A-43C0-97F9-58203D35D788}.Debug|Any CPU.Build.0 = Debug|Any CPU
		{6CAFD2B6-073A-43C0-97F9-58203D35D788}.Release|Any CPU.ActiveCfg = Release|Any CPU
		{6CAFD2B6-073A-43C0-97F9-58203D35D788}.Release|Any CPU.Build.0 = Release|Any CPU
	EndGlobalSection
	GlobalSection(SolutionProperties) = preSolution
		HideSolutionNode = FALSE
	EndGlobalSection
	GlobalSection(ExtensibilityGlobals) = postSolution
		SolutionGuid = {11BDD759-8002-4196-9963-27AD80925AD2}
	EndGlobalSection
EndGlobal
